
Microsoft Visual Studio Solution File, Format Version 11.00
# Visual Studio 2010
Project("{FAE04EC0-301F-11D3-BF4B-00C04F79EFBC}") = "NC", "Assembly-CSharp-firstpass.csproj", "{2ABDCA97-127E-64AF-23AD-2DE6264BB003}"
EndProject
Project("{FAE04EC0-301F-11D3-BF4B-00C04F79EFBC}") = "NC", "Assembly-CSharp.csproj", "{199E91F0-A61C-105B-645F-9A08DC108BF7}"
EndProject
Project("{FAE04EC0-301F-11D3-BF4B-00C04F79EFBC}") = "NC", "Assembly-CSharp-Editor-firstpass.csproj", "{A8E637D2-C683-D5FD-25A2-C09A59DF849E}"
EndProject
Project("{FAE04EC0-301F-11D3-BF4B-00C04F79EFBC}") = "NC", "Assembly-CSharp-Editor.csproj", "{75033C3C-81CB-6F8D-DCAD-EC6887C0D1BF}"
EndProject
Global
	GlobalSection(SolutionConfigurationPlatforms) = preSolution
		Debug|Any CPU = Debug|Any CPU
		Release|Any CPU = Release|Any CPU
	EndGlobalSection
	GlobalSection(ProjectConfigurationPlatforms) = postSolution
		{2ABDCA97-127E-64AF-23AD-2DE6264BB003}.Debug|Any CPU.ActiveCfg = Debug|Any CPU
		{2ABDCA97-127E-64AF-23AD-2DE6264BB003}.Debug|Any CPU.Build.0 = Debug|Any CPU
		{2ABDCA97-127E-64AF-23AD-2DE6264BB003}.Release|Any CPU.ActiveCfg = Release|Any CPU
		{2ABDCA97-127E-64AF-23AD-2DE6264BB003}.Release|Any CPU.Build.0 = Release|Any CPU
		{199E91F0-A61C-105B-645F-9A08DC108BF7}.Debug|Any CPU.ActiveCfg = Debug|Any CPU
		{199E91F0-A61C-105B-645F-9A08DC108BF7}.Debug|Any CPU.Build.0 = Debug|Any CPU
		{199E91F0-A61C-105B-645F-9A08DC108BF7}.Release|Any CPU.ActiveCfg = Release|Any CPU
		{199E91F0-A61C-105B-645F-9A08DC108BF7}.Release|Any CPU.Build.0 = Release|Any CPU
		{A8E637D2-C683-D5FD-25A2-C09A59DF849E}.Debug|Any CPU.ActiveCfg = Debug|Any CPU
		{A8E637D2-C683-D5FD-25A2-C09A59DF849E}.Debug|Any CPU.Build.0 = Debug|Any CPU
		{A8E637D2-C683-D5FD-25A2-C09A59DF849E}.Release|Any CPU.ActiveCfg = Release|Any CPU
		{A8E637D2-C683-D5FD-25A2-C09A59DF849E}.Release|Any CPU.Build.0 = Release|Any CPU
		{75033C3C-81CB-6F8D-DCAD-EC6887C0D1BF}.Debug|Any CPU.ActiveCfg = Debug|Any CPU
		{75033C3C-81CB-6F8D-DCAD-EC6887C0D1BF}.Debug|Any CPU.Build.0 = Debug|Any CPU
		{75033C3C-81CB-6F8D-DCAD-EC6887C0D1BF}.Release|Any CPU.ActiveCfg = Release|Any CPU
		{75033C3C-81CB-6F8D-DCAD-EC6887C0D1BF}.Release|Any CPU.Build.0 = Release|Any CPU
	EndGlobalSection
	GlobalSection(SolutionProperties) = preSolution
		HideSolutionNode = FALSE
	EndGlobalSection
	GlobalSection(MonoDevelopProperties) = preSolution
		StartupItem = Assembly-CSharp.csproj
	EndGlobalSection
EndGlobal
